
Microsoft Visual Studio Solution File, Format Version 12.00
# Visual Studio 15
VisualStudioVersion = 15.0.28307.168
MinimumVisualStudioVersion = 10.0.40219.1
Project("{FAE04EC0-301F-11D3-BF4B-00C04F79EFBC}") = "SchoolManagement", "SchoolManagement\SchoolManagement.csproj", "{B021E000-088D-4EC2-B54F-1C515B11FE45}"
EndProject
Project("{54435603-DBB4-11D2-8724-00A0C9A8B90C}") = "SetupApplication", "SetupApp\SetupApplication\SetupApplication.vdproj", "{B3B23617-7174-4CD9-AA7A-FCC9D268A502}"
EndProject
Global
	GlobalSection(SolutionConfigurationPlatforms) = preSolution
		Debug|Any CPU = Debug|Any CPU
		Release|Any CPU = Release|Any CPU
	EndGlobalSection
	GlobalSection(ProjectConfigurationPlatforms) = postSolution
		{B021E000-088D-4EC2-B54F-1C515B11FE45}.Debug|Any CPU.ActiveCfg = Debug|Any CPU
		{B021E000-088D-4EC2-B54F-1C515B11FE45}.Debug|Any CPU.Build.0 = Debug|Any CPU
		{B021E000-088D-4EC2-B54F-1C515B11FE45}.Release|Any CPU.ActiveCfg = Release|Any CPU
		{B021E000-088D-4EC2-B54F-1C515B11FE45}.Release|Any CPU.Build.0 = Release|Any CPU
		{B3B23617-7174-4CD9-AA7A-FCC9D268A502}.Debug|Any CPU.ActiveCfg = Debug
		{B3B23617-7174-4CD9-AA7A-FCC9D268A502}.Release|Any CPU.ActiveCfg = Release
	EndGlobalSection
	GlobalSection(SolutionProperties) = preSolution
		HideSolutionNode = FALSE
	EndGlobalSection
	GlobalSection(ExtensibilityGlobals) = postSolution
		SolutionGuid = {AFBDFEB7-3CFE-448D-8833-E3495449E228}
	EndGlobalSection
EndGlobal
